# @generated - this file is auto-generated by `mise lock` https://mise.jdx.dev/dev-tools/mise-lock.html

[[tools."github:Microck/kagi-cli"]]
version = "0.22.0"
backend = "github:Microck/kagi-cli"

[tools."github:Microck/kagi-cli".options]
matching_regex = '-(apple-darwin|unknown-linux-musl)\.tar\.gz$'

[tools."github:Microck/kagi-cli"."platforms.linux-arm64"]
checksum = "sha256:aba4b3b8839fa9e3485d0a25859a6bc8cb6856669957baf7a0f2d1456bdd8434"
url = "https://github.com/Microck/kagi-cli/releases/download/v0.22.0/kagi-v0.22.0-aarch64-unknown-linux-musl.tar.gz"
url_api = "https://api.github.com/repos/Microck/kagi-cli/releases/assets/624927790"

[tools."github:Microck/kagi-cli"."platforms.linux-x64"]
checksum = "sha256:be89fed64ee1a5648a6ae6f5ad562c3918243c41593dfdc36f40a5a4f4374dbd"
url = "https://github.com/Microck/kagi-cli/releases/download/v0.22.0/kagi-v0.22.0-x86_64-unknown-linux-musl.tar.gz"
url_api = "https://api.github.com/repos/Microck/kagi-cli/releases/assets/624927885"

[tools."github:Microck/kagi-cli"."platforms.macos-arm64"]
checksum = "sha256:e80f95ac2862f962b1b69c556f1c57ef9dd741b9b6ab519f43d231558fce137c"
url = "https://github.com/Microck/kagi-cli/releases/download/v0.22.0/kagi-v0.22.0-aarch64-apple-darwin.tar.gz"
url_api = "https://api.github.com/repos/Microck/kagi-cli/releases/assets/624927742"

[tools."github:Microck/kagi-cli"."platforms.macos-x64"]
checksum = "sha256:67be3bf312f4b6a40d4c8aa14246dfb1263c0000b88b7d380b632c0fd47576ec"
url = "https://github.com/Microck/kagi-cli/releases/download/v0.22.0/kagi-v0.22.0-x86_64-apple-darwin.tar.gz"
url_api = "https://api.github.com/repos/Microck/kagi-cli/releases/assets/624927809"
